
Microsoft Visual Studio Solution File, Format Version 12.00
# Visual Studio Version 16
VisualStudioVersion = 16.0.30804.86
MinimumVisualStudioVersion = 10.0.40219.1
Project("{9A19103F-16F7-4668-BE54-9A1E7A4F7556}") = "StealthhyyBot.Bots", "StealthhyyBot.Bots\StealthhyyBot.Bots.csproj", "{190C8510-05D2-4F47-B56B-6A461264E338}"
	ProjectSection(ProjectDependencies) = postProject
		{17559262-1D3B-4018-BDE4-3F16A901DAC4} = {17559262-1D3B-4018-BDE4-3F16A901DAC4}
	EndProjectSection
EndProject
Project("{2150E333-8FDC-42A3-9474-1A3956D46DE8}") = "StealthhyyBot.DAL", "StealthhyyBot.DAL", "{65080C5B-DC5E-4B67-BCE8-2735D536FD60}"
EndProject
Project("{9A19103F-16F7-4668-BE54-9A1E7A4F7556}") = "StealthhyyBot.DAL", "StealthhyyBot.DAL\StealthhyyBot.DAL.csproj", "{17559262-1D3B-4018-BDE4-3F16A901DAC4}"
EndProject
Project("{FAE04EC0-301F-11D3-BF4B-00C04F79EFBC}") = "StealthhyyBot.DAL.Migrations", "StealthhyyBot.DAL.Migrations\StealthhyyBot.DAL.Migrations.csproj", "{7CA07C0C-0516-4BAB-922F-9AAE9D195032}"
EndProject
Global
	GlobalSection(SolutionConfigurationPlatforms) = preSolution
		Debug|Any CPU = Debug|Any CPU
		Release|Any CPU = Release|Any CPU
	EndGlobalSection
	GlobalSection(ProjectConfigurationPlatforms) = postSolution
		{190C8510-05D2-4F47-B56B-6A461264E338}.Debug|Any CPU.ActiveCfg = Debug|Any CPU
		{190C8510-05D2-4F47-B56B-6A461264E338}.Debug|Any CPU.Build.0 = Debug|Any CPU
		{190C8510-05D2-4F47-B56B-6A461264E338}.Release|Any CPU.ActiveCfg = Release|Any CPU
		{190C8510-05D2-4F47-B56B-6A461264E338}.Release|Any CPU.Build.0 = Release|Any CPU
		{17559262-1D3B-4018-BDE4-3F16A901DAC4}.Debug|Any CPU.ActiveCfg = Debug|Any CPU
		{17559262-1D3B-4018-BDE4-3F16A901DAC4}.Debug|Any CPU.Build.0 = Debug|Any CPU
		{17559262-1D3B-4018-BDE4-3F16A901DAC4}.Release|Any CPU.ActiveCfg = Release|Any CPU
		{17559262-1D3B-4018-BDE4-3F16A901DAC4}.Release|Any CPU.Build.0 = Release|Any CPU
		{7CA07C0C-0516-4BAB-922F-9AAE9D195032}.Debug|Any CPU.ActiveCfg = Debug|Any CPU
		{7CA07C0C-0516-4BAB-922F-9AAE9D195032}.Debug|Any CPU.Build.0 = Debug|Any CPU
		{7CA07C0C-0516-4BAB-922F-9AAE9D195032}.Release|Any CPU.ActiveCfg = Release|Any CPU
		{7CA07C0C-0516-4BAB-922F-9AAE9D195032}.Release|Any CPU.Build.0 = Release|Any CPU
	EndGlobalSection
	GlobalSection(SolutionProperties) = preSolution
		HideSolutionNode = FALSE
	EndGlobalSection
	GlobalSection(NestedProjects) = preSolution
		{17559262-1D3B-4018-BDE4-3F16A901DAC4} = {65080C5B-DC5E-4B67-BCE8-2735D536FD60}
		{7CA07C0C-0516-4BAB-922F-9AAE9D195032} = {65080C5B-DC5E-4B67-BCE8-2735D536FD60}
	EndGlobalSection
	GlobalSection(ExtensibilityGlobals) = postSolution
		SolutionGuid = {424A7975-16DA-429B-986D-515D3ED8495B}
	EndGlobalSection
EndGlobal
